
Microsoft Visual Studio Solution File, Format Version 12.00
# Visual Studio 15
VisualStudioVersion = 15.0.28010.2050
MinimumVisualStudioVersion = 10.0.40219.1
Project("{FAE04EC0-301F-11D3-BF4B-00C04F79EFBC}") = "GameAndChill", "GameAndChill\GameAndChill.csproj", "{F55C7223-3C80-4507-8438-4EB3EAE7073A}"
EndProject
Global
	GlobalSection(SolutionConfigurationPlatforms) = preSolution
		Debug|Any CPU = Debug|Any CPU
		Release|Any CPU = Release|Any CPU
	EndGlobalSection
	GlobalSection(ProjectConfigurationPlatforms) = postSolution
		{F55C7223-3C80-4507-8438-4EB3EAE7073A}.Debug|Any CPU.ActiveCfg = Debug|Any CPU
		{F55C7223-3C80-4507-8438-4EB3EAE7073A}.Debug|Any CPU.Build.0 = Debug|Any CPU
		{F55C7223-3C80-4507-8438-4EB3EAE7073A}.Release|Any CPU.ActiveCfg = Release|Any CPU
		{F55C7223-3C80-4507-8438-4EB3EAE7073A}.Release|Any CPU.Build.0 = Release|Any CPU
	EndGlobalSection
	GlobalSection(SolutionProperties) = preSolution
		HideSolutionNode = FALSE
	EndGlobalSection
	GlobalSection(ExtensibilityGlobals) = postSolution
		SolutionGuid = {A43C16B7-F2AC-466E-BDAC-5CF4AAA4B548}
	EndGlobalSection
EndGlobal
